// !$*UTF8*$!
{
	archiveVersion = 1;
	classes = {
	};
	objectVersion = 46;
	objects = {

/* Begin PBXBuildFile section */
		3D142D9A1A23985F00A980A8 /* StaffMangerVIewController.swift in Sources */ = {isa = PBXBuildFile; fileRef = 3D142D931A23985E00A980A8 /* StaffMangerVIewController.swift */; };
		3D142D9B1A23985F00A980A8 /* SubscptionTableViewController.swift in Sources */ = {isa = PBXBuildFile; fileRef = 3D142D941A23985E00A980A8 /* SubscptionTableViewController.swift */; };
		3D142D9C1A23985F00A980A8 /* StaffListTableViewController.swift in Sources */ = {isa = PBXBuildFile; fileRef = 3D142D951A23985E00A980A8 /* StaffListTableViewController.swift */; };
		3D142D9D1A23985F00A980A8 /* StaffDetailTableViewController.swift in Sources */ = {isa = PBXBuildFile; fileRef = 3D142D961A23985E00A980A8 /* StaffDetailTableViewController.swift */; };
		3D142D9E1A23985F00A980A8 /* TableVIewController.swift in Sources */ = {isa = PBXBuildFile; fileRef = 3D142D971A23985E00A980A8 /* TableVIewController.swift */; };
		3D142D9F1A23985F00A980A8 /* DetailViewController.swift in Sources */ = {isa = PBXBuildFile; fileRef = 3D142D981A23985E00A980A8 /* DetailViewController.swift */; };
		3D142DA21A23987E00A980A8 /* FeedDataDelegate.swift in Sources */ = {isa = PBXBuildFile; fileRef = 3D142DA01A23987E00A980A8 /* FeedDataDelegate.swift */; };
		3D142DAA1A23988500A980A8 /* RssData.xcdatamodeld in Resources */ = {isa = PBXBuildFile; fileRef = 3D142DA41A23988500A980A8 /* RssData.xcdatamodeld */; };
		3D142DAB1A23988500A980A8 /* FeedCategory.swift in Sources */ = {isa = PBXBuildFile; fileRef = 3D142DA51A23988500A980A8 /* FeedCategory.swift */; };
		3D142DAC1A23988500A980A8 /* FeedSubscription.swift in Sources */ = {isa = PBXBuildFile; fileRef = 3D142DA61A23988500A980A8 /* FeedSubscription.swift */; };
		3D142DAD1A23988500A980A8 /* FeedEntity.swift in Sources */ = {isa = PBXBuildFile; fileRef = 3D142DA71A23988500A980A8 /* FeedEntity.swift */; };
		3D142DAE1A23988500A980A8 /* FeedSource.swift in Sources */ = {isa = PBXBuildFile; fileRef = 3D142DA81A23988500A980A8 /* FeedSource.swift */; };
		3DF9B6C61A1AD4000064F14D /* AppDelegate.swift in Sources */ = {isa = PBXBuildFile; fileRef = 3DF9B6C51A1AD4000064F14D /* AppDelegate.swift */; };
		3DF9B6C81A1AD4000064F14D /* ViewController.swift in Sources */ = {isa = PBXBuildFile; fileRef = 3DF9B6C71A1AD4000064F14D /* ViewController.swift */; };
		3DF9B6CB1A1AD4000064F14D /* Main.storyboard in Resources */ = {isa = PBXBuildFile; fileRef = 3DF9B6C91A1AD4000064F14D /* Main.storyboard */; };
		3DF9B6CD1A1AD4000064F14D /* Images.xcassets in Resources */ = {isa = PBXBuildFile; fileRef = 3DF9B6CC1A1AD4000064F14D /* Images.xcassets */; };
		3DF9B6D01A1AD4000064F14D /* LaunchScreen.xib in Resources */ = {isa = PBXBuildFile; fileRef = 3DF9B6CE1A1AD4000064F14D /* LaunchScreen.xib */; };
		3DF9B6DC1A1AD4010064F14D /* AnyReadTests.swift in Sources */ = {isa = PBXBuildFile; fileRef = 3DF9B6DB1A1AD4010064F14D /* AnyReadTests.swift */; };
		77E68E1A1C396F5DBF1FA92C /* libPods-AnyRead.a in Frameworks */ = {isa = PBXBuildFile; fileRef = 4E84F700A7C1C9236C25C6B0 /* libPods-AnyRead.a */; };
/* End PBXBuildFile section */

/* Begin PBXContainerItemProxy section */
		3DF9B6D61A1AD4010064F14D /* PBXContainerItemProxy */ = {
			isa = PBXContainerItemProxy;
			containerPortal = 3DF9B6B81A1AD4000064F14D /* Project object */;
			proxyType = 1;
			remoteGlobalIDString = 3DF9B6BF1A1AD4000064F14D;
			remoteInfo = AnyRead;
		};
/* End PBXContainerItemProxy section */

/* Begin PBXFileReference section */
		3D142D931A23985E00A980A8 /* StaffMangerVIewController.swift */ = {isa = PBXFileReference; fileEncoding = 4; lastKnownFileType = sourcecode.swift; path = StaffMangerVIewController.swift; sourceTree = "<group>"; };
		3D142D941A23985E00A980A8 /* SubscptionTableViewController.swift */ = {isa = PBXFileReference; fileEncoding = 4; lastKnownFileType = sourcecode.swift; path = SubscptionTableViewController.swift; sourceTree = "<group>"; };
		3D142D951A23985E00A980A8 /* StaffListTableViewController.swift */ = {isa = PBXFileReference; fileEncoding = 4; lastKnownFileType = sourcecode.swift; path = StaffListTableViewController.swift; sourceTree = "<group>"; };
		3D142D961A23985E00A980A8 /* StaffDetailTableViewController.swift */ = {isa = PBXFileReference; fileEncoding = 4; lastKnownFileType = sourcecode.swift; path = StaffDetailTableViewController.swift; sourceTree = "<group>"; };
		3D142D971A23985E00A980A8 /* TableVIewController.swift */ = {isa = PBXFileReference; fileEncoding = 4; lastKnownFileType = sourcecode.swift; path = TableVIewController.swift; sourceTree = "<group>"; };
		3D142D981A23985E00A980A8 /* DetailViewController.swift */ = {isa = PBXFileReference; fileEncoding = 4; lastKnownFileType = sourcecode.swift; path = DetailViewController.swift; sourceTree = "<group>"; };
		3D142DA01A23987E00A980A8 /* FeedDataDelegate.swift */ = {isa = PBXFileReference; fileEncoding = 4; lastKnownFileType = sourcecode.swift; path = FeedDataDelegate.swift; sourceTree = "<group>"; };
		3D142DA31A23988500A980A8 /* RssData.xcdatamodel */ = {isa = PBXFileReference; lastKnownFileType = wrapper.xcdatamodel; path = RssData.xcdatamodel; sourceTree = "<group>"; };
		3D142DA51A23988500A980A8 /* FeedCategory.swift */ = {isa = PBXFileReference; fileEncoding = 4; lastKnownFileType = sourcecode.swift; path = FeedCategory.swift; sourceTree = "<group>"; };
		3D142DA61A23988500A980A8 /* FeedSubscription.swift */ = {isa = PBXFileReference; fileEncoding = 4; lastKnownFileType = sourcecode.swift; path = FeedSubscription.swift; sourceTree = "<group>"; };
		3D142DA71A23988500A980A8 /* FeedEntity.swift */ = {isa = PBXFileReference; fileEncoding = 4; lastKnownFileType = sourcecode.swift; path = FeedEntity.swift; sourceTree = "<group>"; };
		3D142DA81A23988500A980A8 /* FeedSource.swift */ = {isa = PBXFileReference; fileEncoding = 4; lastKnownFileType = sourcecode.swift; path = FeedSource.swift; sourceTree = "<group>"; };
		3D142DAF1A239A0700A980A8 /* AnyRead-Bridging-Header.h */ = {isa = PBXFileReference; lastKnownFileType = sourcecode.c.h; path = "AnyRead-Bridging-Header.h"; sourceTree = "<group>"; };
		3DF9B6C01A1AD4000064F14D /* AnyRead.app */ = {isa = PBXFileReference; explicitFileType = wrapper.application; includeInIndex = 0; path = AnyRead.app; sourceTree = BUILT_PRODUCTS_DIR; };
		3DF9B6C41A1AD4000064F14D /* Info.plist */ = {isa = PBXFileReference; lastKnownFileType = text.plist.xml; path = Info.plist; sourceTree = "<group>"; };
		3DF9B6C51A1AD4000064F14D /* AppDelegate.swift */ = {isa = PBXFileReference; lastKnownFileType = sourcecode.swift; path = AppDelegate.swift; sourceTree = "<group>"; };
		3DF9B6C71A1AD4000064F14D /* ViewController.swift */ = {isa = PBXFileReference; lastKnownFileType = sourcecode.swift; path = ViewController.swift; sourceTree = "<group>"; };
		3DF9B6CA1A1AD4000064F14D /* Base */ = {isa = PBXFileReference; lastKnownFileType = file.storyboard; name = Base; path = Base.lproj/Main.storyboard; sourceTree = "<group>"; };
		3DF9B6CC1A1AD4000064F14D /* Images.xcassets */ = {isa = PBXFileReference; lastKnownFileType = folder.assetcatalog; path = Images.xcassets; sourceTree = "<group>"; };
		3DF9B6CF1A1AD4000064F14D /* Base */ = {isa = PBXFileReference; lastKnownFileType = file.xib; name = Base; path = Base.lproj/LaunchScreen.xib; sourceTree = "<group>"; };
		3DF9B6D51A1AD4010064F14D /* AnyReadTests.xctest */ = {isa = PBXFileReference; explicitFileType = wrapper.cfbundle; includeInIndex = 0; path = AnyReadTests.xctest; sourceTree = BUILT_PRODUCTS_DIR; };
		3DF9B6DA1A1AD4010064F14D /* Info.plist */ = {isa = PBXFileReference; lastKnownFileType = text.plist.xml; path = Info.plist; sourceTree = "<group>"; };
		3DF9B6DB1A1AD4010064F14D /* AnyReadTests.swift */ = {isa = PBXFileReference; lastKnownFileType = sourcecode.swift; path = AnyReadTests.swift; sourceTree = "<group>"; };
		48AB5B462AC1E914D38AB2EC /* Pods-AnyRead.debug.xcconfig */ = {isa = PBXFileReference; includeInIndex = 1; lastKnownFileType = text.xcconfig; name = "Pods-AnyRead.debug.xcconfig"; path = "Pods/Target Support Files/Pods-AnyRead/Pods-AnyRead.debug.xcconfig"; sourceTree = "<group>"; };
		4E84F700A7C1C9236C25C6B0 /* libPods-AnyRead.a */ = {isa = PBXFileReference; explicitFileType = archive.ar; includeInIndex = 0; path = "libPods-AnyRead.a"; sourceTree = BUILT_PRODUCTS_DIR; };
		8B6E15A5EAD3ACE68C512C81 /* Pods-AnyRead.release.xcconfig */ = {isa = PBXFileReference; includeInIndex = 1; lastKnownFileType = text.xcconfig; name = "Pods-AnyRead.release.xcconfig"; path = "Pods/Target Support Files/Pods-AnyRead/Pods-AnyRead.release.xcconfig"; sourceTree = "<group>"; };
/* End PBXFileReference section */

/* Begin PBXFrameworksBuildPhase section */
		3DF9B6BD1A1AD4000064F14D /* Frameworks */ = {
			isa = PBXFrameworksBuildPhase;
			buildActionMask = 2147483647;
			files = (
				77E68E1A1C396F5DBF1FA92C /* libPods-AnyRead.a in Frameworks */,
			);
			runOnlyForDeploymentPostprocessing = 0;
		};
		3DF9B6D21A1AD4010064F14D /* Frameworks */ = {
			isa = PBXFrameworksBuildPhase;
			buildActionMask = 2147483647;
			files = (
			);
			runOnlyForDeploymentPostprocessing = 0;
		};
/* End PBXFrameworksBuildPhase section */

/* Begin PBXGroup section */
		13FB3ABB3325512B0C5D6DF5 /* Frameworks */ = {
			isa = PBXGroup;
			children = (
				4E84F700A7C1C9236C25C6B0 /* libPods-AnyRead.a */,
			);
			name = Frameworks;
			sourceTree = "<group>";
		};
		3D142D991A23985E00A980A8 /* controller */ = {
			isa = PBXGroup;
			children = (
				3D142D931A23985E00A980A8 /* StaffMangerVIewController.swift */,
				3D142D941A23985E00A980A8 /* SubscptionTableViewController.swift */,
				3D142D951A23985E00A980A8 /* StaffListTableViewController.swift */,
				3D142D961A23985E00A980A8 /* StaffDetailTableViewController.swift */,
				3D142D971A23985E00A980A8 /* TableVIewController.swift */,
				3D142D981A23985E00A980A8 /* DetailViewController.swift */,
			);
			name = controller;
			path = ../../ExpiredWarn/ExpiredWarn;
			sourceTree = "<group>";
		};
		3D142DA11A23987E00A980A8 /* source */ = {
			isa = PBXGroup;
			children = (
				3D142DA01A23987E00A980A8 /* FeedDataDelegate.swift */,
			);
			name = source;
			path = ../../ExpiredWarn/ExpiredWarn;
			sourceTree = "<group>";
		};
		3D142DA91A23988500A980A8 /* model */ = {
			isa = PBXGroup;
			children = (
				3D142DA41A23988500A980A8 /* RssData.xcdatamodeld */,
				3D142DA51A23988500A980A8 /* FeedCategory.swift */,
				3D142DA61A23988500A980A8 /* FeedSubscription.swift */,
				3D142DA71A23988500A980A8 /* FeedEntity.swift */,
				3D142DA81A23988500A980A8 /* FeedSource.swift */,
			);
			name = model;
			path = ../../ExpiredWarn/ExpiredWarn;
			sourceTree = "<group>";
		};
		3DF9B6B71A1AD4000064F14D = {
			isa = PBXGroup;
			children = (
				3D142DAF1A239A0700A980A8 /* AnyRead-Bridging-Header.h */,
				3DF9B6C21A1AD4000064F14D /* AnyRead */,
				3DF9B6D81A1AD4010064F14D /* AnyReadTests */,
				3DF9B6C11A1AD4000064F14D /* Products */,
				D43CCF8DFF29111B7875D79E /* Pods */,
				13FB3ABB3325512B0C5D6DF5 /* Frameworks */,
			);
			sourceTree = "<group>";
		};
		3DF9B6C11A1AD4000064F14D /* Products */ = {
			isa = PBXGroup;
			children = (
				3DF9B6C01A1AD4000064F14D /* AnyRead.app */,
				3DF9B6D51A1AD4010064F14D /* AnyReadTests.xctest */,
			);
			name = Products;
			sourceTree = "<group>";
		};
		3DF9B6C21A1AD4000064F14D /* AnyRead */ = {
			isa = PBXGroup;
			children = (
				3D142DA91A23988500A980A8 /* model */,
				3D142DA11A23987E00A980A8 /* source */,
				3D142D991A23985E00A980A8 /* controller */,
				3DF9B6C51A1AD4000064F14D /* AppDelegate.swift */,
				3DF9B6C71A1AD4000064F14D /* ViewController.swift */,
				3DF9B6C91A1AD4000064F14D /* Main.storyboard */,
				3DF9B6CC1A1AD4000064F14D /* Images.xcassets */,
				3DF9B6CE1A1AD4000064F14D /* LaunchScreen.xib */,
				3DF9B6C31A1AD4000064F14D /* Supporting Files */,
			);
			path = AnyRead;
			sourceTree = "<group>";
		};
		3DF9B6C31A1AD4000064F14D /* Supporting Files */ = {
			isa = PBXGroup;
			children = (
				3DF9B6C41A1AD4000064F14D /* Info.plist */,
			);
			name = "Supporting Files";
			sourceTree = "<group>";
		};
		3DF9B6D81A1AD4010064F14D /* AnyReadTests */ = {
			isa = PBXGroup;
			children = (
				3DF9B6DB1A1AD4010064F14D /* AnyReadTests.swift */,
				3DF9B6D91A1AD4010064F14D /* Supporting Files */,
			);
			path = AnyReadTests;
			sourceTree = "<group>";
		};
		3DF9B6D91A1AD4010064F14D /* Supporting Files */ = {
			isa = PBXGroup;
			children = (
				3DF9B6DA1A1AD4010064F14D /* Info.plist */,
			);
			name = "Supporting Files";
			sourceTree = "<group>";
		};
		D43CCF8DFF29111B7875D79E /* Pods */ = {
			isa = PBXGroup;
			children = (
				48AB5B462AC1E914D38AB2EC /* Pods-AnyRead.debug.xcconfig */,
				8B6E15A5EAD3ACE68C512C81 /* Pods-AnyRead.release.xcconfig */,
			);
			name = Pods;
			sourceTree = "<group>";
		};
/* End PBXGroup section */

/* Begin PBXNativeTarget section */
		3DF9B6BF1A1AD4000064F14D /* AnyRead */ = {
			isa = PBXNativeTarget;
			buildConfigurationList = 3DF9B6DF1A1AD4010064F14D /* Build configuration list for PBXNativeTarget "AnyRead" */;
			buildPhases = (
				DFDED3655C9D17F8A3EFA993 /* Check Pods Manifest.lock */,
				3DF9B6BC1A1AD4000064F14D /* Sources */,
				3DF9B6BD1A1AD4000064F14D /* Frameworks */,
				3DF9B6BE1A1AD4000064F14D /* Resources */,
				7DF0C59686DCB9D281B3CB37 /* Copy Pods Resources */,
			);
			buildRules = (
			);
			dependencies = (
			);
			name = AnyRead;
			productName = AnyRead;
			productReference = 3DF9B6C01A1AD4000064F14D /* AnyRead.app */;
			productType = "com.apple.product-type.application";
		};
		3DF9B6D41A1AD4010064F14D /* AnyReadTests */ = {
			isa = PBXNativeTarget;
			buildConfigurationList = 3DF9B6E21A1AD4010064F14D /* Build configuration list for PBXNativeTarget "AnyReadTests" */;
			buildPhases = (
				3DF9B6D11A1AD4010064F14D /* Sources */,
				3DF9B6D21A1AD4010064F14D /* Frameworks */,
				3DF9B6D31A1AD4010064F14D /* Resources */,
			);
			buildRules = (
			);
			dependencies = (
				3DF9B6D71A1AD4010064F14D /* PBXTargetDependency */,
			);
			name = AnyReadTests;
			productName = AnyReadTests;
			productReference = 3DF9B6D51A1AD4010064F14D /* AnyReadTests.xctest */;
			productType = "com.apple.product-type.bundle.unit-test";
		};
/* End PBXNativeTarget section */

/* Begin PBXProject section */
		3DF9B6B81A1AD4000064F14D /* Project object */ = {
			isa = PBXProject;
			attributes = {
				LastUpgradeCheck = 0610;
				ORGANIZATIONNAME = wuhanchu;
				TargetAttributes = {
					3DF9B6BF1A1AD4000064F14D = {
						CreatedOnToolsVersion = 6.1;
					};
					3DF9B6D41A1AD4010064F14D = {
						CreatedOnToolsVersion = 6.1;
						TestTargetID = 3DF9B6BF1A1AD4000064F14D;
					};
				};
			};
			buildConfigurationList = 3DF9B6BB1A1AD4000064F14D /* Build configuration list for PBXProject "AnyRead" */;
			compatibilityVersion = "Xcode 3.2";
			developmentRegion = English;
			hasScannedForEncodings = 0;
			knownRegions = (
				en,
				Base,
			);
			mainGroup = 3DF9B6B71A1AD4000064F14D;
			productRefGroup = 3DF9B6C11A1AD4000064F14D /* Products */;
			projectDirPath = "";
			projectRoot = "";
			targets = (
				3DF9B6BF1A1AD4000064F14D /* AnyRead */,
				3DF9B6D41A1AD4010064F14D /* AnyReadTests */,
			);
		};
/* End PBXProject section */

/* Begin PBXResourcesBuildPhase section */
		3DF9B6BE1A1AD4000064F14D /* Resources */ = {
			isa = PBXResourcesBuildPhase;
			buildActionMask = 2147483647;
			files = (
				3DF9B6CB1A1AD4000064F14D /* Main.storyboard in Resources */,
				3DF9B6D01A1AD4000064F14D /* LaunchScreen.xib in Resources */,
				3D142DAA1A23988500A980A8 /* RssData.xcdatamodeld in Resources */,
				3DF9B6CD1A1AD4000064F14D /* Images.xcassets in Resources */,
			);
			runOnlyForDeploymentPostprocessing = 0;
		};
		3DF9B6D31A1AD4010064F14D /* Resources */ = {
			isa = PBXResourcesBuildPhase;
			buildActionMask = 2147483647;
			files = (
			);
			runOnlyForDeploymentPostprocessing = 0;
		};
/* End PBXResourcesBuildPhase section */

/* Begin PBXShellScriptBuildPhase section */
		7DF0C59686DCB9D281B3CB37 /* Copy Pods Resources */ = {
			isa = PBXShellScriptBuildPhase;
			buildActionMask = 2147483647;
			files = (
			);
			inputPaths = (
			);
			name = "Copy Pods Resources";
			outputPaths = (
			);
			runOnlyForDeploymentPostprocessing = 0;
			shellPath = /bin/sh;
			shellScript = "\"${SRCROOT}/Pods/Target Support Files/Pods-AnyRead/Pods-AnyRead-resources.sh\"\n";
			showEnvVarsInLog = 0;
		};
		DFDED3655C9D17F8A3EFA993 /* Check Pods Manifest.lock */ = {
			isa = PBXShellScriptBuildPhase;
			buildActionMask = 2147483647;
			files = (
			);
			inputPaths = (
			);
			name = "Check Pods Manifest.lock";
			outputPaths = (
			);
			runOnlyForDeploymentPostprocessing = 0;
			shellPath = /bin/sh;
			shellScript = "diff \"${PODS_ROOT}/../Podfile.lock\" \"${PODS_ROOT}/Manifest.lock\" > /dev/null\nif [[ $? != 0 ]] ; then\n    cat << EOM\nerror: The sandbox is not in sync with the Podfile.lock. Run 'pod install' or update your CocoaPods installation.\nEOM\n    exit 1\nfi\n";
			showEnvVarsInLog = 0;
		};
/* End PBXShellScriptBuildPhase section */

/* Begin PBXSourcesBuildPhase section */
		3DF9B6BC1A1AD4000064F14D /* Sources */ = {
			isa = PBXSourcesBuildPhase;
			buildActionMask = 2147483647;
			files = (
				3D142DAE1A23988500A980A8 /* FeedSource.swift in Sources */,
				3D142DAD1A23988500A980A8 /* FeedEntity.swift in Sources */,
				3DF9B6C81A1AD4000064F14D /* ViewController.swift in Sources */,
				3D142DAB1A23988500A980A8 /* FeedCategory.swift in Sources */,
				3DF9B6C61A1AD4000064F14D /* AppDelegate.swift in Sources */,
				3D142DAC1A23988500A980A8 /* FeedSubscription.swift in Sources */,
				3D142DA21A23987E00A980A8 /* FeedDataDelegate.swift in Sources */,
				3D142D9E1A23985F00A980A8 /* TableVIewController.swift in Sources */,
				3D142D9C1A23985F00A980A8 /* StaffListTableViewController.swift in Sources */,
				3D142D9A1A23985F00A980A8 /* StaffMangerVIewController.swift in Sources */,
				3D142D9B1A23985F00A980A8 /* SubscptionTableViewController.swift in Sources */,
				3D142D9D1A23985F00A980A8 /* StaffDetailTableViewController.swift in Sources */,
				3D142D9F1A23985F00A980A8 /* DetailViewController.swift in Sources */,
			);
			runOnlyForDeploymentPostprocessing = 0;
		};
		3DF9B6D11A1AD4010064F14D /* Sources */ = {
			isa = PBXSourcesBuildPhase;
			buildActionMask = 2147483647;
			files = (
				3DF9B6DC1A1AD4010064F14D /* AnyReadTests.swift in Sources */,
			);
			runOnlyForDeploymentPostprocessing = 0;
		};
/* End PBXSourcesBuildPhase section */

/* Begin PBXTargetDependency section */
		3DF9B6D71A1AD4010064F14D /* PBXTargetDependency */ = {
			isa = PBXTargetDependency;
			target = 3DF9B6BF1A1AD4000064F14D /* AnyRead */;
			targetProxy = 3DF9B6D61A1AD4010064F14D /* PBXContainerItemProxy */;
		};
/* End PBXTargetDependency section */

/* Begin PBXVariantGroup section */
		3DF9B6C91A1AD4000064F14D /* Main.storyboard */ = {
			isa = PBXVariantGroup;
			children = (
				3DF9B6CA1A1AD4000064F14D /* Base */,
			);
			name = Main.storyboard;
			sourceTree = "<group>";
		};
		3DF9B6CE1A1AD4000064F14D /* LaunchScreen.xib */ = {
			isa = PBXVariantGroup;
			children = (
				3DF9B6CF1A1AD4000064F14D /* Base */,
			);
			name = LaunchScreen.xib;
			sourceTree = "<group>";
		};
/* End PBXVariantGroup section */

/* Begin XCBuildConfiguration section */
		3DF9B6DD1A1AD4010064F14D /* Debug */ = {
			isa = XCBuildConfiguration;
			buildSettings = {
				ALWAYS_SEARCH_USER_PATHS = NO;
				CLANG_CXX_LANGUAGE_STANDARD = "gnu++0x";
				CLANG_CXX_LIBRARY = "libc++";
				CLANG_ENABLE_MODULES = YES;
				CLANG_ENABLE_OBJC_ARC = YES;
				CLANG_WARN_BOOL_CONVERSION = YES;
				CLANG_WARN_CONSTANT_CONVERSION = YES;
				CLANG_WARN_DIRECT_OBJC_ISA_USAGE = YES_ERROR;
				CLANG_WARN_EMPTY_BODY = YES;
				CLANG_WARN_ENUM_CONVERSION = YES;
				CLANG_WARN_INT_CONVERSION = YES;
				CLANG_WARN_OBJC_ROOT_CLASS = YES_ERROR;
				CLANG_WARN_UNREACHABLE_CODE = YES;
				CLANG_WARN__DUPLICATE_METHOD_MATCH = YES;
				"CODE_SIGN_IDENTITY[sdk=iphoneos*]" = "iPhone Developer";
				COPY_PHASE_STRIP = NO;
				ENABLE_STRICT_OBJC_MSGSEND = YES;
				GCC_C_LANGUAGE_STANDARD = gnu99;
				GCC_DYNAMIC_NO_PIC = NO;
				GCC_OPTIMIZATION_LEVEL = 0;
				GCC_PREPROCESSOR_DEFINITIONS = (
					"DEBUG=1",
					"$(inherited)",
				);
				GCC_SYMBOLS_PRIVATE_EXTERN = NO;
				GCC_WARN_64_TO_32_BIT_CONVERSION = YES;
				GCC_WARN_ABOUT_RETURN_TYPE = YES_ERROR;
				GCC_WARN_UNDECLARED_SELECTOR = YES;
				GCC_WARN_UNINITIALIZED_AUTOS = YES_AGGRESSIVE;
				GCC_WARN_UNUSED_FUNCTION = YES;
				GCC_WARN_UNUSED_VARIABLE = YES;
				IPHONEOS_DEPLOYMENT_TARGET = 8.1;
				MTL_ENABLE_DEBUG_INFO = YES;
				ONLY_ACTIVE_ARCH = YES;
				SDKROOT = iphoneos;
				SWIFT_OPTIMIZATION_LEVEL = "-Onone";
			};
			name = Debug;
		};
		3DF9B6DE1A1AD4010064F14D /* Release */ = {
			isa = XCBuildConfiguration;
			buildSettings = {
				ALWAYS_SEARCH_USER_PATHS = NO;
				CLANG_CXX_LANGUAGE_STANDARD = "gnu++0x";
				CLANG_CXX_LIBRARY = "libc++";
				CLANG_ENABLE_MODULES = YES;
				CLANG_ENABLE_OBJC_ARC = YES;
				CLANG_WARN_BOOL_CONVERSION = YES;
				CLANG_WARN_CONSTANT_CONVERSION = YES;
				CLANG_WARN_DIRECT_OBJC_ISA_USAGE = YES_ERROR;
				CLANG_WARN_EMPTY_BODY = YES;
				CLANG_WARN_ENUM_CONVERSION = YES;
				CLANG_WARN_INT_CONVERSION = YES;
				CLANG_WARN_OBJC_ROOT_CLASS = YES_ERROR;
				CLANG_WARN_UNREACHABLE_CODE = YES;
				CLANG_WARN__DUPLICATE_METHOD_MATCH = YES;
				"CODE_SIGN_IDENTITY[sdk=iphoneos*]" = "iPhone Developer";
				COPY_PHASE_STRIP = YES;
				ENABLE_NS_ASSERTIONS = NO;
				ENABLE_STRICT_OBJC_MSGSEND = YES;
				GCC_C_LANGUAGE_STANDARD = gnu99;
				GCC_WARN_64_TO_32_BIT_CONVERSION = YES;
				GCC_WARN_ABOUT_RETURN_TYPE = YES_ERROR;
				GCC_WARN_UNDECLARED_SELECTOR = YES;
				GCC_WARN_UNINITIALIZED_AUTOS = YES_AGGRESSIVE;
				GCC_WARN_UNUSED_FUNCTION = YES;
				GCC_WARN_UNUSED_VARIABLE = YES;
				IPHONEOS_DEPLOYMENT_TARGET = 8.1;
				MTL_ENABLE_DEBUG_INFO = NO;
				SDKROOT = iphoneos;
				VALIDATE_PRODUCT = YES;
			};
			name = Release;
		};
		3DF9B6E01A1AD4010064F14D /* Debug */ = {
			isa = XCBuildConfiguration;
			baseConfigurationReference = 48AB5B462AC1E914D38AB2EC /* Pods-AnyRead.debug.xcconfig */;
			buildSettings = {
				ASSETCATALOG_COMPILER_APPICON_NAME = AppIcon;
				INFOPLIST_FILE = AnyRead/Info.plist;
				LD_RUNPATH_SEARCH_PATHS = "$(inherited) @executable_path/Frameworks";
				PRODUCT_NAME = "$(TARGET_NAME)";
				SWIFT_OBJC_BRIDGING_HEADER = "AnyRead-Bridging-Header.h";
			};
			name = Debug;
		};
		3DF9B6E11A1AD4010064F14D /* Release */ = {
			isa = XCBuildConfiguration;
			baseConfigurationReference = 8B6E15A5EAD3ACE68C512C81 /* Pods-AnyRead.release.xcconfig */;
			buildSettings = {
				ASSETCATALOG_COMPILER_APPICON_NAME = AppIcon;
				INFOPLIST_FILE = AnyRead/Info.plist;
				LD_RUNPATH_SEARCH_PATHS = "$(inherited) @executable_path/Frameworks";
				PRODUCT_NAME = "$(TARGET_NAME)";
				SWIFT_OBJC_BRIDGING_HEADER = "AnyRead-Bridging-Header.h";
			};
			name = Release;
		};
		3DF9B6E31A1AD4010064F14D /* Debug */ = {
			isa = XCBuildConfiguration;
			buildSettings = {
				BUNDLE_LOADER = "$(TEST_HOST)";
				FRAMEWORK_SEARCH_PATHS = (
					"$(SDKROOT)/Developer/Library/Frameworks",
					"$(inherited)",
				);
				GCC_PREPROCESSOR_DEFINITIONS = (
					"DEBUG=1",
					"$(inherited)",
				);
				INFOPLIST_FILE = AnyReadTests/Info.plist;
				LD_RUNPATH_SEARCH_PATHS = "$(inherited) @executable_path/Frameworks @loader_path/Frameworks";
				PRODUCT_NAME = "$(TARGET_NAME)";
				TEST_HOST = "$(BUILT_PRODUCTS_DIR)/AnyRead.app/AnyRead";
			};
			name = Debug;
		};
		3DF9B6E41A1AD4010064F14D /* Release */ = {
			isa = XCBuildConfiguration;
			buildSettings = {
				BUNDLE_LOADER = "$(TEST_HOST)";
				FRAMEWORK_SEARCH_PATHS = (
					"$(SDKROOT)/Developer/Library/Frameworks",
					"$(inherited)",
				);
				INFOPLIST_FILE = AnyReadTests/Info.plist;
				LD_RUNPATH_SEARCH_PATHS = "$(inherited) @executable_path/Frameworks @loader_path/Frameworks";
				PRODUCT_NAME = "$(TARGET_NAME)";
				TEST_HOST = "$(BUILT_PRODUCTS_DIR)/AnyRead.app/AnyRead";
			};
			name = Release;
		};
/* End XCBuildConfiguration section */

/* Begin XCConfigurationList section */
		3DF9B6BB1A1AD4000064F14D /* Build configuration list for PBXProject "AnyRead" */ = {
			isa = XCConfigurationList;
			buildConfigurations = (
				3DF9B6DD1A1AD4010064F14D /* Debug */,
				3DF9B6DE1A1AD4010064F14D /* Release */,
			);
			defaultConfigurationIsVisible = 0;
			defaultConfigurationName = Release;
		};
		3DF9B6DF1A1AD4010064F14D /* Build configuration list for PBXNativeTarget "AnyRead" */ = {
			isa = XCConfigurationList;
			buildConfigurations = (
				3DF9B6E01A1AD4010064F14D /* Debug */,
				3DF9B6E11A1AD4010064F14D /* Release */,
			);
			defaultConfigurationIsVisible = 0;
			defaultConfigurationName = Release;
		};
		3DF9B6E21A1AD4010064F14D /* Build configuration list for PBXNativeTarget "AnyReadTests" */ = {
			isa = XCConfigurationList;
			buildConfigurations = (
				3DF9B6E31A1AD4010064F14D /* Debug */,
				3DF9B6E41A1AD4010064F14D /* Release */,
			);
			defaultConfigurationIsVisible = 0;
			defaultConfigurationName = Release;
		};
/* End XCConfigurationList section */

/* Begin XCVersionGroup section */
		3D142DA41A23988500A980A8 /* RssData.xcdatamodeld */ = {
			isa = XCVersionGroup;
			children = (
				3D142DA31A23988500A980A8 /* RssData.xcdatamodel */,
			);
			currentVersion = 3D142DA31A23988500A980A8 /* RssData.xcdatamodel */;
			path = RssData.xcdatamodeld;
			sourceTree = "<group>";
		};
/* End XCVersionGroup section */
	};
	rootObject = 3DF9B6B81A1AD4000064F14D /* Project object */;
}
